
Microsoft Visual Studio Solution File, Format Version 12.00
# Visual Studio Version 16
VisualStudioVersion = 16.0.29609.76
MinimumVisualStudioVersion = 10.0.40219.1
Project("{FAE04EC0-301F-11D3-BF4B-00C04F79EFBC}") = "test2", "test2.csproj", "{F8436668-8FAD-4322-9DC5-5D97755C5F03}"
EndProject
Global
	GlobalSection(SolutionConfigurationPlatforms) = preSolution
		Debug|Any CPU = Debug|Any CPU
		Release|Any CPU = Release|Any CPU
	EndGlobalSection
	GlobalSection(ProjectConfigurationPlatforms) = postSolution
		{F8436668-8FAD-4322-9DC5-5D97755C5F03}.Debug|Any CPU.ActiveCfg = Debug|Any CPU
		{F8436668-8FAD-4322-9DC5-5D97755C5F03}.Debug|Any CPU.Build.0 = Debug|Any CPU
		{F8436668-8FAD-4322-9DC5-5D97755C5F03}.Release|Any CPU.ActiveCfg = Release|Any CPU
		{F8436668-8FAD-4322-9DC5-5D97755C5F03}.Release|Any CPU.Build.0 = Release|Any CPU
	EndGlobalSection
	GlobalSection(SolutionProperties) = preSolution
		HideSolutionNode = FALSE
	EndGlobalSection
	GlobalSection(ExtensibilityGlobals) = postSolution
		SolutionGuid = {2C27C7CA-0BB2-47AE-AD63-7D5D1CA92BD4}
	EndGlobalSection
EndGlobal
